// !$*UTF8*$!
{
	archiveVersion = 1;
	classes = {
	};
	objectVersion = 50;
	objects = {

/* Begin PBXBuildFile section */
		D04F6A7A2696FB0F006D7361 /* SignUpViewController.swift in Sources */ = {isa = PBXBuildFile; fileRef = D04F6A792696FB0F006D7361 /* SignUpViewController.swift */; };
		D04F6A7D2696FB1D006D7361 /* SignUpViewController.storyboard in Resources */ = {isa = PBXBuildFile; fileRef = D04F6A7C2696FB1D006D7361 /* SignUpViewController.storyboard */; };
		D04F6A80269701A0006D7361 /* UIColor+Extension.swift in Sources */ = {isa = PBXBuildFile; fileRef = D04F6A7F269701A0006D7361 /* UIColor+Extension.swift */; };
		D04F6A8426970DCE006D7361 /* TeamWorkTextField.swift in Sources */ = {isa = PBXBuildFile; fileRef = D04F6A8326970DCE006D7361 /* TeamWorkTextField.swift */; };
		D04F6A892697155B006D7361 /* DataModel.xcdatamodeld in Sources */ = {isa = PBXBuildFile; fileRef = D04F6A872697155B006D7361 /* DataModel.xcdatamodeld */; };
		D04F6A8C2697172B006D7361 /* CoreDataManager.swift in Sources */ = {isa = PBXBuildFile; fileRef = D04F6A8B2697172B006D7361 /* CoreDataManager.swift */; };
		D04F6A9126971A12006D7361 /* SignUpViewModel.swift in Sources */ = {isa = PBXBuildFile; fileRef = D04F6A9026971A12006D7361 /* SignUpViewModel.swift */; };
		EA7955CE2696E033005B9390 /* AppDelegate.swift in Sources */ = {isa = PBXBuildFile; fileRef = EA7955CD2696E033005B9390 /* AppDelegate.swift */; };
		EA7955D02696E033005B9390 /* SceneDelegate.swift in Sources */ = {isa = PBXBuildFile; fileRef = EA7955CF2696E033005B9390 /* SceneDelegate.swift */; };
		EA7955D22696E033005B9390 /* MainViewController.swift in Sources */ = {isa = PBXBuildFile; fileRef = EA7955D12696E033005B9390 /* MainViewController.swift */; };
		EA7955D52696E033005B9390 /* MainViewController.storyboard in Resources */ = {isa = PBXBuildFile; fileRef = EA7955D32696E033005B9390 /* MainViewController.storyboard */; };
		EA7955D72696E033005B9390 /* Assets.xcassets in Resources */ = {isa = PBXBuildFile; fileRef = EA7955D62696E033005B9390 /* Assets.xcassets */; };
		EA7955DA2696E033005B9390 /* LaunchScreen.storyboard in Resources */ = {isa = PBXBuildFile; fileRef = EA7955D82696E033005B9390 /* LaunchScreen.storyboard */; };
		EA7955EA2696E229005B9390 /* AppCoordinator.swift in Sources */ = {isa = PBXBuildFile; fileRef = EA7955E92696E229005B9390 /* AppCoordinator.swift */; };
		EA7955EC2696E233005B9390 /* CoordinatorDelegate.swift in Sources */ = {isa = PBXBuildFile; fileRef = EA7955EB2696E233005B9390 /* CoordinatorDelegate.swift */; };
		EA7955EE2696E23D005B9390 /* CoordinatorProtocol.swift in Sources */ = {isa = PBXBuildFile; fileRef = EA7955ED2696E23D005B9390 /* CoordinatorProtocol.swift */; };
		EA7955F02696E24B005B9390 /* Storyboarded.swift in Sources */ = {isa = PBXBuildFile; fileRef = EA7955EF2696E24B005B9390 /* Storyboarded.swift */; };
		EA7955F32696E2AB005B9390 /* BaseViewController.swift in Sources */ = {isa = PBXBuildFile; fileRef = EA7955F22696E2AB005B9390 /* BaseViewController.swift */; };
		EA7955F72696E7F1005B9390 /* UITableView+Extension.swift in Sources */ = {isa = PBXBuildFile; fileRef = EA7955F62696E7F1005B9390 /* UITableView+Extension.swift */; };
		EA7955F92696E7FE005B9390 /* UITableViewCell+Extension.swift in Sources */ = {isa = PBXBuildFile; fileRef = EA7955F82696E7FE005B9390 /* UITableViewCell+Extension.swift */; };
		EA7955FE2696E8A0005B9390 /* UICollectionView+Extension.swift in Sources */ = {isa = PBXBuildFile; fileRef = EA7955FD2696E8A0005B9390 /* UICollectionView+Extension.swift */; };
		EA7956002696E8AD005B9390 /* UICollectionViewCell+Extension.swift in Sources */ = {isa = PBXBuildFile; fileRef = EA7955FF2696E8AD005B9390 /* UICollectionViewCell+Extension.swift */; };
		EA7956022696E957005B9390 /* NetworkManager.swift in Sources */ = {isa = PBXBuildFile; fileRef = EA7956012696E957005B9390 /* NetworkManager.swift */; };
/* End PBXBuildFile section */

/* Begin PBXFileReference section */
		D04F6A792696FB0F006D7361 /* SignUpViewController.swift */ = {isa = PBXFileReference; lastKnownFileType = sourcecode.swift; path = SignUpViewController.swift; sourceTree = "<group>"; };
		D04F6A7C2696FB1D006D7361 /* SignUpViewController.storyboard */ = {isa = PBXFileReference; lastKnownFileType = file.storyboard; path = SignUpViewController.storyboard; sourceTree = "<group>"; };
		D04F6A7F269701A0006D7361 /* UIColor+Extension.swift */ = {isa = PBXFileReference; lastKnownFileType = sourcecode.swift; path = "UIColor+Extension.swift"; sourceTree = "<group>"; };
		D04F6A8326970DCE006D7361 /* TeamWorkTextField.swift */ = {isa = PBXFileReference; lastKnownFileType = sourcecode.swift; path = TeamWorkTextField.swift; sourceTree = "<group>"; };
		D04F6A882697155B006D7361 /* DataModel.xcdatamodel */ = {isa = PBXFileReference; lastKnownFileType = wrapper.xcdatamodel; path = DataModel.xcdatamodel; sourceTree = "<group>"; };
		D04F6A8B2697172B006D7361 /* CoreDataManager.swift */ = {isa = PBXFileReference; lastKnownFileType = sourcecode.swift; path = CoreDataManager.swift; sourceTree = "<group>"; };
		D04F6A9026971A12006D7361 /* SignUpViewModel.swift */ = {isa = PBXFileReference; lastKnownFileType = sourcecode.swift; name = SignUpViewModel.swift; path = ../../../../../../../SignUpViewModel.swift; sourceTree = "<group>"; };
		EA7955CA2696E033005B9390 /* FourthTeamWork.app */ = {isa = PBXFileReference; explicitFileType = wrapper.application; includeInIndex = 0; path = FourthTeamWork.app; sourceTree = BUILT_PRODUCTS_DIR; };
		EA7955CD2696E033005B9390 /* AppDelegate.swift */ = {isa = PBXFileReference; lastKnownFileType = sourcecode.swift; path = AppDelegate.swift; sourceTree = "<group>"; };
		EA7955CF2696E033005B9390 /* SceneDelegate.swift */ = {isa = PBXFileReference; lastKnownFileType = sourcecode.swift; path = SceneDelegate.swift; sourceTree = "<group>"; };
		EA7955D12696E033005B9390 /* MainViewController.swift */ = {isa = PBXFileReference; lastKnownFileType = sourcecode.swift; path = MainViewController.swift; sourceTree = "<group>"; };
		EA7955D42696E033005B9390 /* Base */ = {isa = PBXFileReference; lastKnownFileType = file.storyboard; name = Base; path = Base.lproj/MainViewController.storyboard; sourceTree = "<group>"; };
		EA7955D62696E033005B9390 /* Assets.xcassets */ = {isa = PBXFileReference; lastKnownFileType = folder.assetcatalog; path = Assets.xcassets; sourceTree = "<group>"; };
		EA7955D92696E033005B9390 /* Base */ = {isa = PBXFileReference; lastKnownFileType = file.storyboard; name = Base; path = Base.lproj/LaunchScreen.storyboard; sourceTree = "<group>"; };
		EA7955DB2696E033005B9390 /* Info.plist */ = {isa = PBXFileReference; lastKnownFileType = text.plist.xml; path = Info.plist; sourceTree = "<group>"; };
		EA7955E92696E229005B9390 /* AppCoordinator.swift */ = {isa = PBXFileReference; lastKnownFileType = sourcecode.swift; path = AppCoordinator.swift; sourceTree = "<group>"; };
		EA7955EB2696E233005B9390 /* CoordinatorDelegate.swift */ = {isa = PBXFileReference; lastKnownFileType = sourcecode.swift; path = CoordinatorDelegate.swift; sourceTree = "<group>"; };
		EA7955ED2696E23D005B9390 /* CoordinatorProtocol.swift */ = {isa = PBXFileReference; lastKnownFileType = sourcecode.swift; path = CoordinatorProtocol.swift; sourceTree = "<group>"; };
		EA7955EF2696E24B005B9390 /* Storyboarded.swift */ = {isa = PBXFileReference; lastKnownFileType = sourcecode.swift; path = Storyboarded.swift; sourceTree = "<group>"; };
		EA7955F22696E2AB005B9390 /* BaseViewController.swift */ = {isa = PBXFileReference; lastKnownFileType = sourcecode.swift; path = BaseViewController.swift; sourceTree = "<group>"; };
		EA7955F62696E7F1005B9390 /* UITableView+Extension.swift */ = {isa = PBXFileReference; lastKnownFileType = sourcecode.swift; path = "UITableView+Extension.swift"; sourceTree = "<group>"; };
		EA7955F82696E7FE005B9390 /* UITableViewCell+Extension.swift */ = {isa = PBXFileReference; lastKnownFileType = sourcecode.swift; path = "UITableViewCell+Extension.swift"; sourceTree = "<group>"; };
		EA7955FD2696E8A0005B9390 /* UICollectionView+Extension.swift */ = {isa = PBXFileReference; lastKnownFileType = sourcecode.swift; path = "UICollectionView+Extension.swift"; sourceTree = "<group>"; };
		EA7955FF2696E8AD005B9390 /* UICollectionViewCell+Extension.swift */ = {isa = PBXFileReference; lastKnownFileType = sourcecode.swift; path = "UICollectionViewCell+Extension.swift"; sourceTree = "<group>"; };
		EA7956012696E957005B9390 /* NetworkManager.swift */ = {isa = PBXFileReference; lastKnownFileType = sourcecode.swift; path = NetworkManager.swift; sourceTree = "<group>"; };
/* End PBXFileReference section */

/* Begin PBXFrameworksBuildPhase section */
		EA7955C72696E033005B9390 /* Frameworks */ = {
			isa = PBXFrameworksBuildPhase;
			buildActionMask = 2147483647;
			files = (
			);
			runOnlyForDeploymentPostprocessing = 0;
		};
/* End PBXFrameworksBuildPhase section */

/* Begin PBXGroup section */
		D04F6A782696FAFD006D7361 /* Sign Up */ = {
			isa = PBXGroup;
			children = (
				D04F6A8E269719D9006D7361 /* View */,
				D04F6A8F269719E4006D7361 /* ViewModel */,
			);
			path = "Sign Up";
			sourceTree = "<group>";
		};
		D04F6A8226970DAC006D7361 /* Reusables */ = {
			isa = PBXGroup;
			children = (
				D04F6A8326970DCE006D7361 /* TeamWorkTextField.swift */,
			);
			path = Reusables;
			sourceTree = "<group>";
		};
		D04F6A8626971549006D7361 /* Persistent */ = {
			isa = PBXGroup;
			children = (
				D04F6A872697155B006D7361 /* DataModel.xcdatamodeld */,
			);
			path = Persistent;
			sourceTree = "<group>";
		};
		D04F6A8E269719D9006D7361 /* View */ = {
			isa = PBXGroup;
			children = (
				D04F6A792696FB0F006D7361 /* SignUpViewController.swift */,
				D04F6A7C2696FB1D006D7361 /* SignUpViewController.storyboard */,
			);
			path = View;
			sourceTree = "<group>";
		};
		D04F6A8F269719E4006D7361 /* ViewModel */ = {
			isa = PBXGroup;
			children = (
				D04F6A9026971A12006D7361 /* SignUpViewModel.swift */,
			);
			path = ViewModel;
			sourceTree = "<group>";
		};
		EA7955C12696E033005B9390 = {
			isa = PBXGroup;
			children = (
				EA7955CC2696E033005B9390 /* FourthTeamWork */,
				EA7955CB2696E033005B9390 /* Products */,
			);
			sourceTree = "<group>";
		};
		EA7955CB2696E033005B9390 /* Products */ = {
			isa = PBXGroup;
			children = (
				EA7955CA2696E033005B9390 /* FourthTeamWork.app */,
			);
			name = Products;
			sourceTree = "<group>";
		};
		EA7955CC2696E033005B9390 /* FourthTeamWork */ = {
			isa = PBXGroup;
			children = (
				EA7955E12696E140005B9390 /* App */,
				EA7955E52696E16C005B9390 /* Resources */,
				EA7955E72696E1CD005B9390 /* Infrastructure */,
				EA7955E22696E14E005B9390 /* Presentation */,
				EA7955E62696E18A005B9390 /* Supporting Files */,
			);
			path = FourthTeamWork;
			sourceTree = "<group>";
		};
		EA7955E12696E140005B9390 /* App */ = {
			isa = PBXGroup;
			children = (
				EA7955CF2696E033005B9390 /* SceneDelegate.swift */,
				EA7955CD2696E033005B9390 /* AppDelegate.swift */,
			);
			path = App;
			sourceTree = "<group>";
		};
		EA7955E22696E14E005B9390 /* Presentation */ = {
			isa = PBXGroup;
			children = (
				D04F6A8226970DAC006D7361 /* Reusables */,
				EA7955E32696E15A005B9390 /* Scenes */,
			);
			path = Presentation;
			sourceTree = "<group>";
		};
		EA7955E32696E15A005B9390 /* Scenes */ = {
			isa = PBXGroup;
			children = (
				D04F6A782696FAFD006D7361 /* Sign Up */,
				EA7955F12696E27A005B9390 /* Base */,
				EA7955E42696E15E005B9390 /* Main */,
			);
			path = Scenes;
			sourceTree = "<group>";
		};
		EA7955E42696E15E005B9390 /* Main */ = {
			isa = PBXGroup;
			children = (
				EA7955D32696E033005B9390 /* MainViewController.storyboard */,
				EA7955D12696E033005B9390 /* MainViewController.swift */,
			);
			path = Main;
			sourceTree = "<group>";
		};
		EA7955E52696E16C005B9390 /* Resources */ = {
			isa = PBXGroup;
			children = (
				EA7955D62696E033005B9390 /* Assets.xcassets */,
			);
			path = Resources;
			sourceTree = "<group>";
		};
		EA7955E62696E18A005B9390 /* Supporting Files */ = {
			isa = PBXGroup;
			children = (
				EA7955D82696E033005B9390 /* LaunchScreen.storyboard */,
				EA7955DB2696E033005B9390 /* Info.plist */,
			);
			path = "Supporting Files";
			sourceTree = "<group>";
		};
		EA7955E72696E1CD005B9390 /* Infrastructure */ = {
			isa = PBXGroup;
			children = (
				D04F6A8626971549006D7361 /* Persistent */,
				EA7955F52696E6E8005B9390 /* Managers */,
				EA7955F42696E6E3005B9390 /* Extensions */,
				EA7955E82696E1EA005B9390 /* Coordinator */,
			);
			path = Infrastructure;
			sourceTree = "<group>";
		};
		EA7955E82696E1EA005B9390 /* Coordinator */ = {
			isa = PBXGroup;
			children = (
				EA7955E92696E229005B9390 /* AppCoordinator.swift */,
				EA7955EB2696E233005B9390 /* CoordinatorDelegate.swift */,
				EA7955ED2696E23D005B9390 /* CoordinatorProtocol.swift */,
				EA7955EF2696E24B005B9390 /* Storyboarded.swift */,
			);
			path = Coordinator;
			sourceTree = "<group>";
		};
		EA7955F12696E27A005B9390 /* Base */ = {
			isa = PBXGroup;
			children = (
				EA7955F22696E2AB005B9390 /* BaseViewController.swift */,
			);
			path = Base;
			sourceTree = "<group>";
		};
		EA7955F42696E6E3005B9390 /* Extensions */ = {
			isa = PBXGroup;
			children = (
				EA7955F62696E7F1005B9390 /* UITableView+Extension.swift */,
				EA7955F82696E7FE005B9390 /* UITableViewCell+Extension.swift */,
				EA7955FD2696E8A0005B9390 /* UICollectionView+Extension.swift */,
				EA7955FF2696E8AD005B9390 /* UICollectionViewCell+Extension.swift */,
				D04F6A7F269701A0006D7361 /* UIColor+Extension.swift */,
			);
			path = Extensions;
			sourceTree = "<group>";
		};
		EA7955F52696E6E8005B9390 /* Managers */ = {
			isa = PBXGroup;
			children = (
				EA7956012696E957005B9390 /* NetworkManager.swift */,
				D04F6A8B2697172B006D7361 /* CoreDataManager.swift */,
			);
			path = Managers;
			sourceTree = "<group>";
		};
/* End PBXGroup section */

/* Begin PBXNativeTarget section */
		EA7955C92696E033005B9390 /* FourthTeamWork */ = {
			isa = PBXNativeTarget;
			buildConfigurationList = EA7955DE2696E033005B9390 /* Build configuration list for PBXNativeTarget "FourthTeamWork" */;
			buildPhases = (
				EA7955C62696E033005B9390 /* Sources */,
				EA7955C72696E033005B9390 /* Frameworks */,
				EA7955C82696E033005B9390 /* Resources */,
			);
			buildRules = (
			);
			dependencies = (
			);
			name = FourthTeamWork;
			productName = FourthTeamWork;
			productReference = EA7955CA2696E033005B9390 /* FourthTeamWork.app */;
			productType = "com.apple.product-type.application";
		};
/* End PBXNativeTarget section */

/* Begin PBXProject section */
		EA7955C22696E033005B9390 /* Project object */ = {
			isa = PBXProject;
			attributes = {
				LastSwiftUpdateCheck = 1250;
				LastUpgradeCheck = 1250;
				TargetAttributes = {
					EA7955C92696E033005B9390 = {
						CreatedOnToolsVersion = 12.5;
					};
				};
			};
			buildConfigurationList = EA7955C52696E033005B9390 /* Build configuration list for PBXProject "FourthTeamWork" */;
			compatibilityVersion = "Xcode 9.3";
			developmentRegion = en;
			hasScannedForEncodings = 0;
			knownRegions = (
				en,
				Base,
			);
			mainGroup = EA7955C12696E033005B9390;
			productRefGroup = EA7955CB2696E033005B9390 /* Products */;
			projectDirPath = "";
			projectRoot = "";
			targets = (
				EA7955C92696E033005B9390 /* FourthTeamWork */,
			);
		};
/* End PBXProject section */

/* Begin PBXResourcesBuildPhase section */
		EA7955C82696E033005B9390 /* Resources */ = {
			isa = PBXResourcesBuildPhase;
			buildActionMask = 2147483647;
			files = (
				EA7955DA2696E033005B9390 /* LaunchScreen.storyboard in Resources */,
				EA7955D72696E033005B9390 /* Assets.xcassets in Resources */,
				EA7955D52696E033005B9390 /* MainViewController.storyboard in Resources */,
				D04F6A7D2696FB1D006D7361 /* SignUpViewController.storyboard in Resources */,
			);
			runOnlyForDeploymentPostprocessing = 0;
		};
/* End PBXResourcesBuildPhase section */

/* Begin PBXSourcesBuildPhase section */
		EA7955C62696E033005B9390 /* Sources */ = {
			isa = PBXSourcesBuildPhase;
			buildActionMask = 2147483647;
			files = (
				EA7955EA2696E229005B9390 /* AppCoordinator.swift in Sources */,
				EA7955FE2696E8A0005B9390 /* UICollectionView+Extension.swift in Sources */,
				EA7955F92696E7FE005B9390 /* UITableViewCell+Extension.swift in Sources */,
				EA7956022696E957005B9390 /* NetworkManager.swift in Sources */,
				D04F6A892697155B006D7361 /* DataModel.xcdatamodeld in Sources */,
				D04F6A9126971A12006D7361 /* SignUpViewModel.swift in Sources */,
				EA7955D22696E033005B9390 /* MainViewController.swift in Sources */,
				D04F6A8C2697172B006D7361 /* CoreDataManager.swift in Sources */,
				D04F6A8426970DCE006D7361 /* TeamWorkTextField.swift in Sources */,
				EA7955F72696E7F1005B9390 /* UITableView+Extension.swift in Sources */,
				EA7955EE2696E23D005B9390 /* CoordinatorProtocol.swift in Sources */,
				EA7955CE2696E033005B9390 /* AppDelegate.swift in Sources */,
				D04F6A7A2696FB0F006D7361 /* SignUpViewController.swift in Sources */,
				D04F6A80269701A0006D7361 /* UIColor+Extension.swift in Sources */,
				EA7955EC2696E233005B9390 /* CoordinatorDelegate.swift in Sources */,
				EA7956002696E8AD005B9390 /* UICollectionViewCell+Extension.swift in Sources */,
				EA7955F32696E2AB005B9390 /* BaseViewController.swift in Sources */,
				EA7955D02696E033005B9390 /* SceneDelegate.swift in Sources */,
				EA7955F02696E24B005B9390 /* Storyboarded.swift in Sources */,
			);
			runOnlyForDeploymentPostprocessing = 0;
		};
/* End PBXSourcesBuildPhase section */

/* Begin PBXVariantGroup section */
		EA7955D32696E033005B9390 /* MainViewController.storyboard */ = {
			isa = PBXVariantGroup;
			children = (
				EA7955D42696E033005B9390 /* Base */,
			);
			name = MainViewController.storyboard;
			sourceTree = "<group>";
		};
		EA7955D82696E033005B9390 /* LaunchScreen.storyboard */ = {
			isa = PBXVariantGroup;
			children = (
				EA7955D92696E033005B9390 /* Base */,
			);
			name = LaunchScreen.storyboard;
			sourceTree = "<group>";
		};
/* End PBXVariantGroup section */

/* Begin XCBuildConfiguration section */
		EA7955DC2696E033005B9390 /* Debug */ = {
			isa = XCBuildConfiguration;
			buildSettings = {
				ALWAYS_SEARCH_USER_PATHS = NO;
				CLANG_ANALYZER_NONNULL = YES;
				CLANG_ANALYZER_NUMBER_OBJECT_CONVERSION = YES_AGGRESSIVE;
				CLANG_CXX_LANGUAGE_STANDARD = "gnu++14";
				CLANG_CXX_LIBRARY = "libc++";
				CLANG_ENABLE_MODULES = YES;
				CLANG_ENABLE_OBJC_ARC = YES;
				CLANG_ENABLE_OBJC_WEAK = YES;
				CLANG_WARN_BLOCK_CAPTURE_AUTORELEASING = YES;
				CLANG_WARN_BOOL_CONVERSION = YES;
				CLANG_WARN_COMMA = YES;
				CLANG_WARN_CONSTANT_CONVERSION = YES;
				CLANG_WARN_DEPRECATED_OBJC_IMPLEMENTATIONS = YES;
				CLANG_WARN_DIRECT_OBJC_ISA_USAGE = YES_ERROR;
				CLANG_WARN_DOCUMENTATION_COMMENTS = YES;
				CLANG_WARN_EMPTY_BODY = YES;
				CLANG_WARN_ENUM_CONVERSION = YES;
				CLANG_WARN_INFINITE_RECURSION = YES;
				CLANG_WARN_INT_CONVERSION = YES;
				CLANG_WARN_NON_LITERAL_NULL_CONVERSION = YES;
				CLANG_WARN_OBJC_IMPLICIT_RETAIN_SELF = YES;
				CLANG_WARN_OBJC_LITERAL_CONVERSION = YES;
				CLANG_WARN_OBJC_ROOT_CLASS = YES_ERROR;
				CLANG_WARN_QUOTED_INCLUDE_IN_FRAMEWORK_HEADER = YES;
				CLANG_WARN_RANGE_LOOP_ANALYSIS = YES;
				CLANG_WARN_STRICT_PROTOTYPES = YES;
				CLANG_WARN_SUSPICIOUS_MOVE = YES;
				CLANG_WARN_UNGUARDED_AVAILABILITY = YES_AGGRESSIVE;
				CLANG_WARN_UNREACHABLE_CODE = YES;
				CLANG_WARN__DUPLICATE_METHOD_MATCH = YES;
				COPY_PHASE_STRIP = NO;
				DEBUG_INFORMATION_FORMAT = dwarf;
				ENABLE_STRICT_OBJC_MSGSEND = YES;
				ENABLE_TESTABILITY = YES;
				GCC_C_LANGUAGE_STANDARD = gnu11;
				GCC_DYNAMIC_NO_PIC = NO;
				GCC_NO_COMMON_BLOCKS = YES;
				GCC_OPTIMIZATION_LEVEL = 0;
				GCC_PREPROCESSOR_DEFINITIONS = (
					"DEBUG=1",
					"$(inherited)",
				);
				GCC_WARN_64_TO_32_BIT_CONVERSION = YES;
				GCC_WARN_ABOUT_RETURN_TYPE = YES_ERROR;
				GCC_WARN_UNDECLARED_SELECTOR = YES;
				GCC_WARN_UNINITIALIZED_AUTOS = YES_AGGRESSIVE;
				GCC_WARN_UNUSED_FUNCTION = YES;
				GCC_WARN_UNUSED_VARIABLE = YES;
				IPHONEOS_DEPLOYMENT_TARGET = 14.5;
				MTL_ENABLE_DEBUG_INFO = INCLUDE_SOURCE;
				MTL_FAST_MATH = YES;
				ONLY_ACTIVE_ARCH = YES;
				SDKROOT = iphoneos;
				SWIFT_ACTIVE_COMPILATION_CONDITIONS = DEBUG;
				SWIFT_OPTIMIZATION_LEVEL = "-Onone";
			};
			name = Debug;
		};
		EA7955DD2696E033005B9390 /* Release */ = {
			isa = XCBuildConfiguration;
			buildSettings = {
				ALWAYS_SEARCH_USER_PATHS = NO;
				CLANG_ANALYZER_NONNULL = YES;
				CLANG_ANALYZER_NUMBER_OBJECT_CONVERSION = YES_AGGRESSIVE;
				CLANG_CXX_LANGUAGE_STANDARD = "gnu++14";
				CLANG_CXX_LIBRARY = "libc++";
				CLANG_ENABLE_MODULES = YES;
				CLANG_ENABLE_OBJC_ARC = YES;
				CLANG_ENABLE_OBJC_WEAK = YES;
				CLANG_WARN_BLOCK_CAPTURE_AUTORELEASING = YES;
				CLANG_WARN_BOOL_CONVERSION = YES;
				CLANG_WARN_COMMA = YES;
				CLANG_WARN_CONSTANT_CONVERSION = YES;
				CLANG_WARN_DEPRECATED_OBJC_IMPLEMENTATIONS = YES;
				CLANG_WARN_DIRECT_OBJC_ISA_USAGE = YES_ERROR;
				CLANG_WARN_DOCUMENTATION_COMMENTS = YES;
				CLANG_WARN_EMPTY_BODY = YES;
				CLANG_WARN_ENUM_CONVERSION = YES;
				CLANG_WARN_INFINITE_RECURSION = YES;
				CLANG_WARN_INT_CONVERSION = YES;
				CLANG_WARN_NON_LITERAL_NULL_CONVERSION = YES;
				CLANG_WARN_OBJC_IMPLICIT_RETAIN_SELF = YES;
				CLANG_WARN_OBJC_LITERAL_CONVERSION = YES;
				CLANG_WARN_OBJC_ROOT_CLASS = YES_ERROR;
				CLANG_WARN_QUOTED_INCLUDE_IN_FRAMEWORK_HEADER = YES;
				CLANG_WARN_RANGE_LOOP_ANALYSIS = YES;
				CLANG_WARN_STRICT_PROTOTYPES = YES;
				CLANG_WARN_SUSPICIOUS_MOVE = YES;
				CLANG_WARN_UNGUARDED_AVAILABILITY = YES_AGGRESSIVE;
				CLANG_WARN_UNREACHABLE_CODE = YES;
				CLANG_WARN__DUPLICATE_METHOD_MATCH = YES;
				COPY_PHASE_STRIP = NO;
				DEBUG_INFORMATION_FORMAT = "dwarf-with-dsym";
				ENABLE_NS_ASSERTIONS = NO;
				ENABLE_STRICT_OBJC_MSGSEND = YES;
				GCC_C_LANGUAGE_STANDARD = gnu11;
				GCC_NO_COMMON_BLOCKS = YES;
				GCC_WARN_64_TO_32_BIT_CONVERSION = YES;
				GCC_WARN_ABOUT_RETURN_TYPE = YES_ERROR;
				GCC_WARN_UNDECLARED_SELECTOR = YES;
				GCC_WARN_UNINITIALIZED_AUTOS = YES_AGGRESSIVE;
				GCC_WARN_UNUSED_FUNCTION = YES;
				GCC_WARN_UNUSED_VARIABLE = YES;
				IPHONEOS_DEPLOYMENT_TARGET = 14.5;
				MTL_ENABLE_DEBUG_INFO = NO;
				MTL_FAST_MATH = YES;
				SDKROOT = iphoneos;
				SWIFT_COMPILATION_MODE = wholemodule;
				SWIFT_OPTIMIZATION_LEVEL = "-O";
				VALIDATE_PRODUCT = YES;
			};
			name = Release;
		};
		EA7955DF2696E033005B9390 /* Debug */ = {
			isa = XCBuildConfiguration;
			buildSettings = {
				ASSETCATALOG_COMPILER_APPICON_NAME = AppIcon;
				ASSETCATALOG_COMPILER_GLOBAL_ACCENT_COLOR_NAME = AccentColor;
				CODE_SIGN_STYLE = Automatic;
				INFOPLIST_FILE = "FourthTeamWork/Supporting Files/Info.plist";
				IPHONEOS_DEPLOYMENT_TARGET = 14.4;
				LD_RUNPATH_SEARCH_PATHS = (
					"$(inherited)",
					"@executable_path/Frameworks",
				);
				PRODUCT_BUNDLE_IDENTIFIER = com.GiorgiMeskhi.FourthTeamWork;
				PRODUCT_NAME = "$(TARGET_NAME)";
				SWIFT_VERSION = 5.0;
				TARGETED_DEVICE_FAMILY = "1,2";
			};
			name = Debug;
		};
		EA7955E02696E033005B9390 /* Release */ = {
			isa = XCBuildConfiguration;
			buildSettings = {
				ASSETCATALOG_COMPILER_APPICON_NAME = AppIcon;
				ASSETCATALOG_COMPILER_GLOBAL_ACCENT_COLOR_NAME = AccentColor;
				CODE_SIGN_STYLE = Automatic;
				INFOPLIST_FILE = "FourthTeamWork/Supporting Files/Info.plist";
				IPHONEOS_DEPLOYMENT_TARGET = 14.4;
				LD_RUNPATH_SEARCH_PATHS = (
					"$(inherited)",
					"@executable_path/Frameworks",
				);
				PRODUCT_BUNDLE_IDENTIFIER = com.GiorgiMeskhi.FourthTeamWork;
				PRODUCT_NAME = "$(TARGET_NAME)";
				SWIFT_VERSION = 5.0;
				TARGETED_DEVICE_FAMILY = "1,2";
			};
			name = Release;
		};
/* End XCBuildConfiguration section */

/* Begin XCConfigurationList section */
		EA7955C52696E033005B9390 /* Build configuration list for PBXProject "FourthTeamWork" */ = {
			isa = XCConfigurationList;
			buildConfigurations = (
				EA7955DC2696E033005B9390 /* Debug */,
				EA7955DD2696E033005B9390 /* Release */,
			);
			defaultConfigurationIsVisible = 0;
			defaultConfigurationName = Release;
		};
		EA7955DE2696E033005B9390 /* Build configuration list for PBXNativeTarget "FourthTeamWork" */ = {
			isa = XCConfigurationList;
			buildConfigurations = (
				EA7955DF2696E033005B9390 /* Debug */,
				EA7955E02696E033005B9390 /* Release */,
			);
			defaultConfigurationIsVisible = 0;
			defaultConfigurationName = Release;
		};
/* End XCConfigurationList section */

/* Begin XCVersionGroup section */
		D04F6A872697155B006D7361 /* DataModel.xcdatamodeld */ = {
			isa = XCVersionGroup;
			children = (
				D04F6A882697155B006D7361 /* DataModel.xcdatamodel */,
			);
			currentVersion = D04F6A882697155B006D7361 /* DataModel.xcdatamodel */;
			path = DataModel.xcdatamodeld;
			sourceTree = "<group>";
			versionGroupType = wrapper.xcdatamodel;
		};
/* End XCVersionGroup section */
	};
	rootObject = EA7955C22696E033005B9390 /* Project object */;
}
